{
  "name": "chat_tinode_npm",
  "version": "1.0.0",
  "lockfileVersion": 1,
  "requires": true,
  "dependencies": {
    "tinode-sdk": {
      "version": "0.15.12",
      "resolved": "https://registry.npmjs.org/tinode-sdk/-/tinode-sdk-0.15.12.tgz",
      "integrity": "sha512-N66ZlPoMKrcUj3eEgUumZwaElH+18RsNsTLN3yeofhlpTsiKiaxLEkqqegUJzveb4wr5aNUHJuKJeXXvUo4rSQ=="
    }
  }
}
